// !$*UTF8*$!
{
	archiveVersion = 1;
	classes = {
	};
	objectVersion = 77;
	objects = {

/* Begin PBXBuildFile section */
		0A5CB93F2B77C8BE66376BD5 /* WakeUpDetector.swift in Sources */ = {isa = PBXBuildFile; fileRef = FC06036320520C2F1B3C2B11 /* WakeUpDetector.swift */; };
		2017D6D5EE4A66968643CCAB /* UnlockChallenge.swift in Sources */ = {isa = PBXBuildFile; fileRef = 67DFE17057430788224DCE77 /* UnlockChallenge.swift */; };
		547BF0FD02294851C0F59A05 /* BlockingService.swift in Sources */ = {isa = PBXBuildFile; fileRef = A37B8D203F9DF236FF4DC1DD /* BlockingService.swift */; };
		6394DAC141CBA6575C6BC715 /* RuleStore.swift in Sources */ = {isa = PBXBuildFile; fileRef = 814EC22E69E97E22FDA13197 /* RuleStore.swift */; };
		67ED55F6C21FF9D1A6504BFF /* UnlockViewModel.swift in Sources */ = {isa = PBXBuildFile; fileRef = 1314661D56A46D9479232C12 /* UnlockViewModel.swift */; };
		87765DA089465D5CE3224CD0 /* StepMonitor.swift in Sources */ = {isa = PBXBuildFile; fileRef = 78250BD3E71ECB47028B8C50 /* StepMonitor.swift */; };
		942A22F130DEB2400049EFD2 /* Rule.swift in Sources */ = {isa = PBXBuildFile; fileRef = 055B7AA6599AAD80AD3A1B43 /* Rule.swift */; };
		990407DFF92815E46B91B371 /* UnlockAttempt.swift in Sources */ = {isa = PBXBuildFile; fileRef = 554B84DB0C386E6D693C4CCF /* UnlockAttempt.swift */; };
		9CBFB98C8018A8D72897F09E /* BlockCondition.swift in Sources */ = {isa = PBXBuildFile; fileRef = B47909E806163F76967B6C88 /* BlockCondition.swift */; };
		AC143D9F03517CE4FA03C22D /* DeviceActivityService.swift in Sources */ = {isa = PBXBuildFile; fileRef = 542048C1849C931DF3B42F9F /* DeviceActivityService.swift */; };
		BA902939C744D89EDE6DCA11 /* HomeViewModel.swift in Sources */ = {isa = PBXBuildFile; fileRef = 45A8D5D18B8FD4BACBFE2F61 /* HomeViewModel.swift */; };
		D0227F25B41C65B4F3D6046B /* RuleBuilderViewModel.swift in Sources */ = {isa = PBXBuildFile; fileRef = 8172C938E85FD1EDFF699CFC /* RuleBuilderViewModel.swift */; };
		D52907042FE6808D0005F066 /* DeviceActivity.framework in Frameworks */ = {isa = PBXBuildFile; fileRef = D52907032FE6808D0005F066 /* DeviceActivity.framework */; };
		D529070C2FE6808D0005F066 /* FrictionGateMonitor.appex in Embed Foundation Extensions */ = {isa = PBXBuildFile; fileRef = D52907012FE6808D0005F066 /* FrictionGateMonitor.appex */; settings = {ATTRIBUTES = (RemoveHeadersOnCopy, ); }; };
		D52907182FE680B40005F066 /* ManagedSettings.framework in Frameworks */ = {isa = PBXBuildFile; fileRef = D52907172FE680B40005F066 /* ManagedSettings.framework */; };
		D52907202FE680B40005F066 /* FrictionGateShield.appex in Embed Foundation Extensions */ = {isa = PBXBuildFile; fileRef = D52907162FE680B40005F066 /* FrictionGateShield.appex */; settings = {ATTRIBUTES = (RemoveHeadersOnCopy, ); }; };
		D529075E2FE68BB60005F066 /* FamilyControls.framework in Frameworks */ = {isa = PBXBuildFile; fileRef = D529075D2FE68BB60005F066 /* FamilyControls.framework */; };
		D529075F2FE68BC60005F066 /* ManagedSettings.framework in Frameworks */ = {isa = PBXBuildFile; fileRef = D52907172FE680B40005F066 /* ManagedSettings.framework */; };
		D52907602FE68BDB0005F066 /* ManagedSettings.framework in Frameworks */ = {isa = PBXBuildFile; fileRef = D52907172FE680B40005F066 /* ManagedSettings.framework */; };
		D52907612FE68BDF0005F066 /* FamilyControls.framework in Frameworks */ = {isa = PBXBuildFile; fileRef = D529075D2FE68BB60005F066 /* FamilyControls.framework */; };
		D52907622FE68BE60005F066 /* FamilyControls.framework in Frameworks */ = {isa = PBXBuildFile; fileRef = D529075D2FE68BB60005F066 /* FamilyControls.framework */; };
		D52907A42FE690C60005F066 /* HealthKit.framework in Frameworks */ = {isa = PBXBuildFile; fileRef = D52907A32FE690C60005F066 /* HealthKit.framework */; };
		D52907A52FE690CE0005F066 /* DeviceActivity.framework in Frameworks */ = {isa = PBXBuildFile; fileRef = D52907032FE6808D0005F066 /* DeviceActivity.framework */; };
		D52908282FE6C1350005F066 /* ManagedSettings.framework in Frameworks */ = {isa = PBXBuildFile; fileRef = D52907172FE680B40005F066 /* ManagedSettings.framework */; };
		D529082A2FE6C1350005F066 /* ManagedSettingsUI.framework in Frameworks */ = {isa = PBXBuildFile; fileRef = D52908292FE6C1350005F066 /* ManagedSettingsUI.framework */; };
		D52908322FE6C1350005F066 /* FrictionGateShieldConfig.appex in Embed Foundation Extensions */ = {isa = PBXBuildFile; fileRef = D52908272FE6C1350005F066 /* FrictionGateShieldConfig.appex */; settings = {ATTRIBUTES = (RemoveHeadersOnCopy, ); }; };
		D52908BD2FE78B590005F066 /* UserNotifications.framework in Frameworks */ = {isa = PBXBuildFile; fileRef = D52908BC2FE78B590005F066 /* UserNotifications.framework */; };
		D694D7C2509E890E069E2A56 /* WakeUpViewModel.swift in Sources */ = {isa = PBXBuildFile; fileRef = 2F7328097084FF82C17EF303 /* WakeUpViewModel.swift */; };
		E4E1400FC0E8CB38CA3264B0 /* HealthKitService.swift in Sources */ = {isa = PBXBuildFile; fileRef = E69070F1FF772DE3985385D5 /* HealthKitService.swift */; };
		F27BFDEBDF8185A06C051C79 /* AppSettings.swift in Sources */ = {isa = PBXBuildFile; fileRef = CDC8F2AB5391766292C1935D /* AppSettings.swift */; };
/* End PBXBuildFile section */

/* Begin PBXContainerItemProxy section */
		D52906DE2FE67D9F0005F066 /* PBXContainerItemProxy */ = {
			isa = PBXContainerItemProxy;
			containerPortal = D52906C52FE67D9D0005F066 /* Project object */;
			proxyType = 1;
			remoteGlobalIDString = D52906CC2FE67D9D0005F066;
			remoteInfo = FrictionGate;
		};
		D52906E82FE67D9F0005F066 /* PBXContainerItemProxy */ = {
			isa = PBXContainerItemProxy;
			containerPortal = D52906C52FE67D9D0005F066 /* Project object */;
			proxyType = 1;
			remoteGlobalIDString = D52906CC2FE67D9D0005F066;
			remoteInfo = FrictionGate;
		};
		D529070A2FE6808D0005F066 /* PBXContainerItemProxy */ = {
			isa = PBXContainerItemProxy;
			containerPortal = D52906C52FE67D9D0005F066 /* Project object */;
			proxyType = 1;
			remoteGlobalIDString = D52907002FE6808D0005F066;
			remoteInfo = FrictionGateMonitor;
		};
		D529071E2FE680B40005F066 /* PBXContainerItemProxy */ = {
			isa = PBXContainerItemProxy;
			containerPortal = D52906C52FE67D9D0005F066 /* Project object */;
			proxyType = 1;
			remoteGlobalIDString = D52907152FE680B40005F066;
			remoteInfo = FrictionGateShield;
		};
		D52908302FE6C1350005F066 /* PBXContainerItemProxy */ = {
			isa = PBXContainerItemProxy;
			containerPortal = D52906C52FE67D9D0005F066 /* Project object */;
			proxyType = 1;
			remoteGlobalIDString = D52908262FE6C1350005F066;
			remoteInfo = FrictionGateShieldConfig;
		};
/* End PBXContainerItemProxy section */

/* Begin PBXCopyFilesBuildPhase section */
		D52907112FE6808D0005F066 /* Embed Foundation Extensions */ = {
			isa = PBXCopyFilesBuildPhase;
			buildActionMask = 2147483647;
			dstPath = "";
			dstSubfolderSpec = 13;
			files = (
				D52908322FE6C1350005F066 /* FrictionGateShieldConfig.appex in Embed Foundation Extensions */,
				D52907202FE680B40005F066 /* FrictionGateShield.appex in Embed Foundation Extensions */,
				D529070C2FE6808D0005F066 /* FrictionGateMonitor.appex in Embed Foundation Extensions */,
			);
			name = "Embed Foundation Extensions";
			runOnlyForDeploymentPostprocessing = 0;
		};
/* End PBXCopyFilesBuildPhase section */

/* Begin PBXFileReference section */
		055B7AA6599AAD80AD3A1B43 /* Rule.swift */ = {isa = PBXFileReference; includeInIndex = 1; lastKnownFileType = sourcecode.swift; path = Rule.swift; sourceTree = "<group>"; };
		1314661D56A46D9479232C12 /* UnlockViewModel.swift */ = {isa = PBXFileReference; includeInIndex = 1; lastKnownFileType = sourcecode.swift; path = UnlockViewModel.swift; sourceTree = "<group>"; };
		2F7328097084FF82C17EF303 /* WakeUpViewModel.swift */ = {isa = PBXFileReference; includeInIndex = 1; lastKnownFileType = sourcecode.swift; path = WakeUpViewModel.swift; sourceTree = "<group>"; };
		45A8D5D18B8FD4BACBFE2F61 /* HomeViewModel.swift */ = {isa = PBXFileReference; includeInIndex = 1; lastKnownFileType = sourcecode.swift; path = HomeViewModel.swift; sourceTree = "<group>"; };
		542048C1849C931DF3B42F9F /* DeviceActivityService.swift */ = {isa = PBXFileReference; includeInIndex = 1; lastKnownFileType = sourcecode.swift; path = DeviceActivityService.swift; sourceTree = "<group>"; };
		554B84DB0C386E6D693C4CCF /* UnlockAttempt.swift */ = {isa = PBXFileReference; includeInIndex = 1; lastKnownFileType = sourcecode.swift; path = UnlockAttempt.swift; sourceTree = "<group>"; };
		67DFE17057430788224DCE77 /* UnlockChallenge.swift */ = {isa = PBXFileReference; includeInIndex = 1; lastKnownFileType = sourcecode.swift; path = UnlockChallenge.swift; sourceTree = "<group>"; };
		78250BD3E71ECB47028B8C50 /* StepMonitor.swift */ = {isa = PBXFileReference; includeInIndex = 1; lastKnownFileType = sourcecode.swift; path = StepMonitor.swift; sourceTree = "<group>"; };
		814EC22E69E97E22FDA13197 /* RuleStore.swift */ = {isa = PBXFileReference; includeInIndex = 1; lastKnownFileType = sourcecode.swift; path = RuleStore.swift; sourceTree = "<group>"; };
		8172C938E85FD1EDFF699CFC /* RuleBuilderViewModel.swift */ = {isa = PBXFileReference; includeInIndex = 1; lastKnownFileType = sourcecode.swift; path = RuleBuilderViewModel.swift; sourceTree = "<group>"; };
		A37B8D203F9DF236FF4DC1DD /* BlockingService.swift */ = {isa = PBXFileReference; includeInIndex = 1; lastKnownFileType = sourcecode.swift; path = BlockingService.swift; sourceTree = "<group>"; };
		B47909E806163F76967B6C88 /* BlockCondition.swift */ = {isa = PBXFileReference; includeInIndex = 1; lastKnownFileType = sourcecode.swift; path = BlockCondition.swift; sourceTree = "<group>"; };
		CDC8F2AB5391766292C1935D /* AppSettings.swift */ = {isa = PBXFileReference; includeInIndex = 1; lastKnownFileType = sourcecode.swift; path = AppSettings.swift; sourceTree = "<group>"; };
		D52906CD2FE67D9D0005F066 /* FrictionGate.app */ = {isa = PBXFileReference; explicitFileType = wrapper.application; includeInIndex = 0; path = FrictionGate.app; sourceTree = BUILT_PRODUCTS_DIR; };
		D52906DD2FE67D9F0005F066 /* FrictionGateTests.xctest */ = {isa = PBXFileReference; explicitFileType = wrapper.cfbundle; includeInIndex = 0; path = FrictionGateTests.xctest; sourceTree = BUILT_PRODUCTS_DIR; };
		D52906E72FE67D9F0005F066 /* FrictionGateUITests.xctest */ = {isa = PBXFileReference; explicitFileType = wrapper.cfbundle; includeInIndex = 0; path = FrictionGateUITests.xctest; sourceTree = BUILT_PRODUCTS_DIR; };
		D52907012FE6808D0005F066 /* FrictionGateMonitor.appex */ = {isa = PBXFileReference; explicitFileType = "wrapper.app-extension"; includeInIndex = 0; path = FrictionGateMonitor.appex; sourceTree = BUILT_PRODUCTS_DIR; };
		D52907032FE6808D0005F066 /* DeviceActivity.framework */ = {isa = PBXFileReference; lastKnownFileType = wrapper.framework; name = DeviceActivity.framework; path = System/Library/Frameworks/DeviceActivity.framework; sourceTree = SDKROOT; };
		D52907162FE680B40005F066 /* FrictionGateShield.appex */ = {isa = PBXFileReference; explicitFileType = "wrapper.app-extension"; includeInIndex = 0; path = FrictionGateShield.appex; sourceTree = BUILT_PRODUCTS_DIR; };
		D52907172FE680B40005F066 /* ManagedSettings.framework */ = {isa = PBXFileReference; lastKnownFileType = wrapper.framework; name = ManagedSettings.framework; path = System/Library/Frameworks/ManagedSettings.framework; sourceTree = SDKROOT; };
		D529075D2FE68BB60005F066 /* FamilyControls.framework */ = {isa = PBXFileReference; lastKnownFileType = wrapper.framework; name = FamilyControls.framework; path = System/Library/Frameworks/FamilyControls.framework; sourceTree = SDKROOT; };
		D52907A32FE690C60005F066 /* HealthKit.framework */ = {isa = PBXFileReference; lastKnownFileType = wrapper.framework; name = HealthKit.framework; path = System/Library/Frameworks/HealthKit.framework; sourceTree = SDKROOT; };
		D52908272FE6C1350005F066 /* FrictionGateShieldConfig.appex */ = {isa = PBXFileReference; explicitFileType = "wrapper.app-extension"; includeInIndex = 0; path = FrictionGateShieldConfig.appex; sourceTree = BUILT_PRODUCTS_DIR; };
		D52908292FE6C1350005F066 /* ManagedSettingsUI.framework */ = {isa = PBXFileReference; lastKnownFileType = wrapper.framework; name = ManagedSettingsUI.framework; path = System/Library/Frameworks/ManagedSettingsUI.framework; sourceTree = SDKROOT; };
		D52908BC2FE78B590005F066 /* UserNotifications.framework */ = {isa = PBXFileReference; lastKnownFileType = wrapper.framework; name = UserNotifications.framework; path = System/Library/Frameworks/UserNotifications.framework; sourceTree = SDKROOT; };
		E69070F1FF772DE3985385D5 /* HealthKitService.swift */ = {isa = PBXFileReference; includeInIndex = 1; lastKnownFileType = sourcecode.swift; path = HealthKitService.swift; sourceTree = "<group>"; };
		FC06036320520C2F1B3C2B11 /* WakeUpDetector.swift */ = {isa = PBXFileReference; includeInIndex = 1; lastKnownFileType = sourcecode.swift; path = WakeUpDetector.swift; sourceTree = "<group>"; };
/* End PBXFileReference section */

/* Begin PBXFileSystemSynchronizedBuildFileExceptionSet section */
		D52906FC2FE67FB20005F066 /* Exceptions for "FrictionGate" folder in "FrictionGate" target */ = {
			isa = PBXFileSystemSynchronizedBuildFileExceptionSet;
			membershipExceptions = (
				Info.plist,
			);
			target = D52906CC2FE67D9D0005F066 /* FrictionGate */;
		};
		D52907102FE6808D0005F066 /* Exceptions for "FrictionGateMonitor" folder in "FrictionGateMonitor" target */ = {
			isa = PBXFileSystemSynchronizedBuildFileExceptionSet;
			membershipExceptions = (
				Info.plist,
			);
			target = D52907002FE6808D0005F066 /* FrictionGateMonitor */;
		};
		D52907242FE680B40005F066 /* Exceptions for "FrictionGateShield" folder in "FrictionGateShield" target */ = {
			isa = PBXFileSystemSynchronizedBuildFileExceptionSet;
			membershipExceptions = (
				Info.plist,
			);
			target = D52907152FE680B40005F066 /* FrictionGateShield */;
		};
		D52907A72FE6A0AB0005F066 /* Exceptions for "FrictionGate" folder in "FrictionGateMonitor" target */ = {
			isa = PBXFileSystemSynchronizedBuildFileExceptionSet;
			membershipExceptions = (
				Models/AppSettings.swift,
				Models/BlockCondition.swift,
				Models/Rule.swift,
				Models/UnlockAttempt.swift,
				Models/UnlockChallenge.swift,
			);
			target = D52907002FE6808D0005F066 /* FrictionGateMonitor */;
		};
		D52908362FE6C1350005F066 /* Exceptions for "FrictionGateShieldConfig" folder in "FrictionGateShieldConfig" target */ = {
			isa = PBXFileSystemSynchronizedBuildFileExceptionSet;
			membershipExceptions = (
				Info.plist,
			);
			target = D52908262FE6C1350005F066 /* FrictionGateShieldConfig */;
		};
/* End PBXFileSystemSynchronizedBuildFileExceptionSet section */

/* Begin PBXFileSystemSynchronizedRootGroup section */
		D52906CF2FE67D9D0005F066 /* FrictionGate */ = {
			isa = PBXFileSystemSynchronizedRootGroup;
			exceptions = (
				D52906FC2FE67FB20005F066 /* Exceptions for "FrictionGate" folder in "FrictionGate" target */,
				D52907A72FE6A0AB0005F066 /* Exceptions for "FrictionGate" folder in "FrictionGateMonitor" target */,
			);
			path = FrictionGate;
			sourceTree = "<group>";
		};
		D52906E02FE67D9F0005F066 /* FrictionGateTests */ = {
			isa = PBXFileSystemSynchronizedRootGroup;
			path = FrictionGateTests;
			sourceTree = "<group>";
		};
		D52906EA2FE67D9F0005F066 /* FrictionGateUITests */ = {
			isa = PBXFileSystemSynchronizedRootGroup;
			path = FrictionGateUITests;
			sourceTree = "<group>";
		};
		D52907052FE6808D0005F066 /* FrictionGateMonitor */ = {
			isa = PBXFileSystemSynchronizedRootGroup;
			exceptions = (
				D52907102FE6808D0005F066 /* Exceptions for "FrictionGateMonitor" folder in "FrictionGateMonitor" target */,
			);
			path = FrictionGateMonitor;
			sourceTree = "<group>";
		};
		D52907192FE680B40005F066 /* FrictionGateShield */ = {
			isa = PBXFileSystemSynchronizedRootGroup;
			exceptions = (
				D52907242FE680B40005F066 /* Exceptions for "FrictionGateShield" folder in "FrictionGateShield" target */,
			);
			path = FrictionGateShield;
			sourceTree = "<group>";
		};
		D529082B2FE6C1350005F066 /* FrictionGateShieldConfig */ = {
			isa = PBXFileSystemSynchronizedRootGroup;
			exceptions = (
				D52908362FE6C1350005F066 /* Exceptions for "FrictionGateShieldConfig" folder in "FrictionGateShieldConfig" target */,
			);
			path = FrictionGateShieldConfig;
			sourceTree = "<group>";
		};
/* End PBXFileSystemSynchronizedRootGroup section */

/* Begin PBXFrameworksBuildPhase section */
		D52906CA2FE67D9D0005F066 /* Frameworks */ = {
			isa = PBXFrameworksBuildPhase;
			buildActionMask = 2147483647;
			files = (
				D52907A42FE690C60005F066 /* HealthKit.framework in Frameworks */,
				D52907A52FE690CE0005F066 /* DeviceActivity.framework in Frameworks */,
				D529075E2FE68BB60005F066 /* FamilyControls.framework in Frameworks */,
				D529075F2FE68BC60005F066 /* ManagedSettings.framework in Frameworks */,
			);
			runOnlyForDeploymentPostprocessing = 0;
		};
		D52906DA2FE67D9F0005F066 /* Frameworks */ = {
			isa = PBXFrameworksBuildPhase;
			buildActionMask = 2147483647;
			files = (
			);
			runOnlyForDeploymentPostprocessing = 0;
		};
		D52906E42FE67D9F0005F066 /* Frameworks */ = {
			isa = PBXFrameworksBuildPhase;
			buildActionMask = 2147483647;
			files = (
			);
			runOnlyForDeploymentPostprocessing = 0;
		};
		D52906FE2FE6808D0005F066 /* Frameworks */ = {
			isa = PBXFrameworksBuildPhase;
			buildActionMask = 2147483647;
			files = (
				D52907042FE6808D0005F066 /* DeviceActivity.framework in Frameworks */,
				D52907612FE68BDF0005F066 /* FamilyControls.framework in Frameworks */,
				D52907602FE68BDB0005F066 /* ManagedSettings.framework in Frameworks */,
			);
			runOnlyForDeploymentPostprocessing = 0;
		};
		D52907132FE680B40005F066 /* Frameworks */ = {
			isa = PBXFrameworksBuildPhase;
			buildActionMask = 2147483647;
			files = (
				D52908BD2FE78B590005F066 /* UserNotifications.framework in Frameworks */,
				D52907622FE68BE60005F066 /* FamilyControls.framework in Frameworks */,
				D52907182FE680B40005F066 /* ManagedSettings.framework in Frameworks */,
			);
			runOnlyForDeploymentPostprocessing = 0;
		};
		D52908242FE6C1350005F066 /* Frameworks */ = {
			isa = PBXFrameworksBuildPhase;
			buildActionMask = 2147483647;
			files = (
				D52908282FE6C1350005F066 /* ManagedSettings.framework in Frameworks */,
				D529082A2FE6C1350005F066 /* ManagedSettingsUI.framework in Frameworks */,
			);
			runOnlyForDeploymentPostprocessing = 0;
		};
/* End PBXFrameworksBuildPhase section */

/* Begin PBXGroup section */
		141DF672C4D2CB0101ACD616 /* Persistence */ = {
			isa = PBXGroup;
			children = (
				814EC22E69E97E22FDA13197 /* RuleStore.swift */,
			);
			path = Persistence;
			sourceTree = "<group>";
		};
		2AB191150654F0D53AD60723 /* Services */ = {
			isa = PBXGroup;
			children = (
				E69070F1FF772DE3985385D5 /* HealthKitService.swift */,
				A37B8D203F9DF236FF4DC1DD /* BlockingService.swift */,
				542048C1849C931DF3B42F9F /* DeviceActivityService.swift */,
				FC06036320520C2F1B3C2B11 /* WakeUpDetector.swift */,
				78250BD3E71ECB47028B8C50 /* StepMonitor.swift */,
			);
			path = Services;
			sourceTree = "<group>";
		};
		3D2FDFA174ADFA3B90494677 /* FrictionGate */ = {
			isa = PBXGroup;
			children = (
				E5D2F814188FBE87688C3388 /* Models */,
				141DF672C4D2CB0101ACD616 /* Persistence */,
				2AB191150654F0D53AD60723 /* Services */,
				545BC37DCFE37DCD23209F46 /* ViewModels */,
			);
			path = FrictionGate;
			sourceTree = "<group>";
		};
		545BC37DCFE37DCD23209F46 /* ViewModels */ = {
			isa = PBXGroup;
			children = (
				45A8D5D18B8FD4BACBFE2F61 /* HomeViewModel.swift */,
				8172C938E85FD1EDFF699CFC /* RuleBuilderViewModel.swift */,
				1314661D56A46D9479232C12 /* UnlockViewModel.swift */,
				2F7328097084FF82C17EF303 /* WakeUpViewModel.swift */,
			);
			path = ViewModels;
			sourceTree = "<group>";
		};
		D52906C42FE67D9D0005F066 = {
			isa = PBXGroup;
			children = (
				D52906CF2FE67D9D0005F066 /* FrictionGate */,
				D52906E02FE67D9F0005F066 /* FrictionGateTests */,
				D52906EA2FE67D9F0005F066 /* FrictionGateUITests */,
				D52907052FE6808D0005F066 /* FrictionGateMonitor */,
				D52907192FE680B40005F066 /* FrictionGateShield */,
				D529082B2FE6C1350005F066 /* FrictionGateShieldConfig */,
				D52907022FE6808D0005F066 /* Frameworks */,
				D52906CE2FE67D9D0005F066 /* Products */,
				3D2FDFA174ADFA3B90494677 /* FrictionGate */,
			);
			sourceTree = "<group>";
		};
		D52906CE2FE67D9D0005F066 /* Products */ = {
			isa = PBXGroup;
			children = (
				D52906CD2FE67D9D0005F066 /* FrictionGate.app */,
				D52906DD2FE67D9F0005F066 /* FrictionGateTests.xctest */,
				D52906E72FE67D9F0005F066 /* FrictionGateUITests.xctest */,
				D52907012FE6808D0005F066 /* FrictionGateMonitor.appex */,
				D52907162FE680B40005F066 /* FrictionGateShield.appex */,
				D52908272FE6C1350005F066 /* FrictionGateShieldConfig.appex */,
			);
			name = Products;
			sourceTree = "<group>";
		};
		D52907022FE6808D0005F066 /* Frameworks */ = {
			isa = PBXGroup;
			children = (
				D52908BC2FE78B590005F066 /* UserNotifications.framework */,
				D52907A32FE690C60005F066 /* HealthKit.framework */,
				D529075D2FE68BB60005F066 /* FamilyControls.framework */,
				D52907032FE6808D0005F066 /* DeviceActivity.framework */,
				D52907172FE680B40005F066 /* ManagedSettings.framework */,
				D52908292FE6C1350005F066 /* ManagedSettingsUI.framework */,
			);
			name = Frameworks;
			sourceTree = "<group>";
		};
		E5D2F814188FBE87688C3388 /* Models */ = {
			isa = PBXGroup;
			children = (
				B47909E806163F76967B6C88 /* BlockCondition.swift */,
				67DFE17057430788224DCE77 /* UnlockChallenge.swift */,
				554B84DB0C386E6D693C4CCF /* UnlockAttempt.swift */,
				CDC8F2AB5391766292C1935D /* AppSettings.swift */,
				055B7AA6599AAD80AD3A1B43 /* Rule.swift */,
			);
			path = Models;
			sourceTree = "<group>";
		};
/* End PBXGroup section */

/* Begin PBXNativeTarget section */
		D52906CC2FE67D9D0005F066 /* FrictionGate */ = {
			isa = PBXNativeTarget;
			buildConfigurationList = D52906F12FE67D9F0005F066 /* Build configuration list for PBXNativeTarget "FrictionGate" */;
			buildPhases = (
				D52906C92FE67D9D0005F066 /* Sources */,
				D52906CA2FE67D9D0005F066 /* Frameworks */,
				D52906CB2FE67D9D0005F066 /* Resources */,
				D52907112FE6808D0005F066 /* Embed Foundation Extensions */,
			);
			buildRules = (
			);
			dependencies = (
				D529070B2FE6808D0005F066 /* PBXTargetDependency */,
				D529071F2FE680B40005F066 /* PBXTargetDependency */,
				D52908312FE6C1350005F066 /* PBXTargetDependency */,
			);
			fileSystemSynchronizedGroups = (
				D52906CF2FE67D9D0005F066 /* FrictionGate */,
			);
			name = FrictionGate;
			productName = FrictionGate;
			productReference = D52906CD2FE67D9D0005F066 /* FrictionGate.app */;
			productType = "com.apple.product-type.application";
		};
		D52906DC2FE67D9F0005F066 /* FrictionGateTests */ = {
			isa = PBXNativeTarget;
			buildConfigurationList = D52906F42FE67D9F0005F066 /* Build configuration list for PBXNativeTarget "FrictionGateTests" */;
			buildPhases = (
				D52906D92FE67D9F0005F066 /* Sources */,
				D52906DA2FE67D9F0005F066 /* Frameworks */,
				D52906DB2FE67D9F0005F066 /* Resources */,
			);
			buildRules = (
			);
			dependencies = (
				D52906DF2FE67D9F0005F066 /* PBXTargetDependency */,
			);
			fileSystemSynchronizedGroups = (
				D52906E02FE67D9F0005F066 /* FrictionGateTests */,
			);
			name = FrictionGateTests;
			productName = FrictionGateTests;
			productReference = D52906DD2FE67D9F0005F066 /* FrictionGateTests.xctest */;
			productType = "com.apple.product-type.bundle.unit-test";
		};
		D52906E62FE67D9F0005F066 /* FrictionGateUITests */ = {
			isa = PBXNativeTarget;
			buildConfigurationList = D52906F72FE67D9F0005F066 /* Build configuration list for PBXNativeTarget "FrictionGateUITests" */;
			buildPhases = (
				D52906E32FE67D9F0005F066 /* Sources */,
				D52906E42FE67D9F0005F066 /* Frameworks */,
				D52906E52FE67D9F0005F066 /* Resources */,
			);
			buildRules = (
			);
			dependencies = (
				D52906E92FE67D9F0005F066 /* PBXTargetDependency */,
			);
			fileSystemSynchronizedGroups = (
				D52906EA2FE67D9F0005F066 /* FrictionGateUITests */,
			);
			name = FrictionGateUITests;
			productName = FrictionGateUITests;
			productReference = D52906E72FE67D9F0005F066 /* FrictionGateUITests.xctest */;
			productType = "com.apple.product-type.bundle.ui-testing";
		};
		D52907002FE6808D0005F066 /* FrictionGateMonitor */ = {
			isa = PBXNativeTarget;
			buildConfigurationList = D529070D2FE6808D0005F066 /* Build configuration list for PBXNativeTarget "FrictionGateMonitor" */;
			buildPhases = (
				D52906FD2FE6808D0005F066 /* Sources */,
				D52906FE2FE6808D0005F066 /* Frameworks */,
				D52906FF2FE6808D0005F066 /* Resources */,
			);
			buildRules = (
			);
			dependencies = (
			);
			fileSystemSynchronizedGroups = (
				D52907052FE6808D0005F066 /* FrictionGateMonitor */,
			);
			name = FrictionGateMonitor;
			productName = FrictionGateMonitor;
			productReference = D52907012FE6808D0005F066 /* FrictionGateMonitor.appex */;
			productType = "com.apple.product-type.app-extension";
		};
		D52907152FE680B40005F066 /* FrictionGateShield */ = {
			isa = PBXNativeTarget;
			buildConfigurationList = D52907212FE680B40005F066 /* Build configuration list for PBXNativeTarget "FrictionGateShield" */;
			buildPhases = (
				D52907122FE680B40005F066 /* Sources */,
				D52907132FE680B40005F066 /* Frameworks */,
				D52907142FE680B40005F066 /* Resources */,
			);
			buildRules = (
			);
			dependencies = (
			);
			fileSystemSynchronizedGroups = (
				D52907192FE680B40005F066 /* FrictionGateShield */,
			);
			name = FrictionGateShield;
			productName = FrictionGateShield;
			productReference = D52907162FE680B40005F066 /* FrictionGateShield.appex */;
			productType = "com.apple.product-type.app-extension";
		};
		D52908262FE6C1350005F066 /* FrictionGateShieldConfig */ = {
			isa = PBXNativeTarget;
			buildConfigurationList = D52908332FE6C1350005F066 /* Build configuration list for PBXNativeTarget "FrictionGateShieldConfig" */;
			buildPhases = (
				D52908232FE6C1350005F066 /* Sources */,
				D52908242FE6C1350005F066 /* Frameworks */,
				D52908252FE6C1350005F066 /* Resources */,
			);
			buildRules = (
			);
			dependencies = (
			);
			fileSystemSynchronizedGroups = (
				D529082B2FE6C1350005F066 /* FrictionGateShieldConfig */,
			);
			name = FrictionGateShieldConfig;
			packageProductDependencies = (
			);
			productName = FrictionGateShieldConfig;
			productReference = D52908272FE6C1350005F066 /* FrictionGateShieldConfig.appex */;
			productType = "com.apple.product-type.app-extension";
		};
/* End PBXNativeTarget section */

/* Begin PBXProject section */
		D52906C52FE67D9D0005F066 /* Project object */ = {
			isa = PBXProject;
			attributes = {
				BuildIndependentTargetsInParallel = 1;
				LastSwiftUpdateCheck = 1620;
				LastUpgradeCheck = 1620;
				TargetAttributes = {
					D52906CC2FE67D9D0005F066 = {
						CreatedOnToolsVersion = 16.2;
					};
					D52906DC2FE67D9F0005F066 = {
						CreatedOnToolsVersion = 16.2;
						TestTargetID = D52906CC2FE67D9D0005F066;
					};
					D52906E62FE67D9F0005F066 = {
						CreatedOnToolsVersion = 16.2;
						TestTargetID = D52906CC2FE67D9D0005F066;
					};
					D52907002FE6808D0005F066 = {
						CreatedOnToolsVersion = 16.2;
					};
					D52907152FE680B40005F066 = {
						CreatedOnToolsVersion = 16.2;
					};
					D52908262FE6C1350005F066 = {
						CreatedOnToolsVersion = 16.2;
					};
				};
			};
			buildConfigurationList = D52906C82FE67D9D0005F066 /* Build configuration list for PBXProject "FrictionGate" */;
			developmentRegion = en;
			hasScannedForEncodings = 0;
			knownRegions = (
				en,
				Base,
			);
			mainGroup = D52906C42FE67D9D0005F066;
			minimizedProjectReferenceProxies = 1;
			preferredProjectObjectVersion = 77;
			productRefGroup = D52906CE2FE67D9D0005F066 /* Products */;
			projectDirPath = "";
			projectRoot = "";
			targets = (
				D52906CC2FE67D9D0005F066 /* FrictionGate */,
				D52906DC2FE67D9F0005F066 /* FrictionGateTests */,
				D52906E62FE67D9F0005F066 /* FrictionGateUITests */,
				D52907002FE6808D0005F066 /* FrictionGateMonitor */,
				D52907152FE680B40005F066 /* FrictionGateShield */,
				D52908262FE6C1350005F066 /* FrictionGateShieldConfig */,
			);
		};
/* End PBXProject section */

/* Begin PBXResourcesBuildPhase section */
		D52906CB2FE67D9D0005F066 /* Resources */ = {
			isa = PBXResourcesBuildPhase;
			buildActionMask = 2147483647;
			files = (
			);
			runOnlyForDeploymentPostprocessing = 0;
		};
		D52906DB2FE67D9F0005F066 /* Resources */ = {
			isa = PBXResourcesBuildPhase;
			buildActionMask = 2147483647;
			files = (
			);
			runOnlyForDeploymentPostprocessing = 0;
		};
		D52906E52FE67D9F0005F066 /* Resources */ = {
			isa = PBXResourcesBuildPhase;
			buildActionMask = 2147483647;
			files = (
			);
			runOnlyForDeploymentPostprocessing = 0;
		};
		D52906FF2FE6808D0005F066 /* Resources */ = {
			isa = PBXResourcesBuildPhase;
			buildActionMask = 2147483647;
			files = (
			);
			runOnlyForDeploymentPostprocessing = 0;
		};
		D52907142FE680B40005F066 /* Resources */ = {
			isa = PBXResourcesBuildPhase;
			buildActionMask = 2147483647;
			files = (
			);
			runOnlyForDeploymentPostprocessing = 0;
		};
		D52908252FE6C1350005F066 /* Resources */ = {
			isa = PBXResourcesBuildPhase;
			buildActionMask = 2147483647;
			files = (
			);
			runOnlyForDeploymentPostprocessing = 0;
		};
/* End PBXResourcesBuildPhase section */

/* Begin PBXSourcesBuildPhase section */
		D52906C92FE67D9D0005F066 /* Sources */ = {
			isa = PBXSourcesBuildPhase;
			buildActionMask = 2147483647;
			files = (
				9CBFB98C8018A8D72897F09E /* BlockCondition.swift in Sources */,
				2017D6D5EE4A66968643CCAB /* UnlockChallenge.swift in Sources */,
				990407DFF92815E46B91B371 /* UnlockAttempt.swift in Sources */,
				F27BFDEBDF8185A06C051C79 /* AppSettings.swift in Sources */,
				942A22F130DEB2400049EFD2 /* Rule.swift in Sources */,
				6394DAC141CBA6575C6BC715 /* RuleStore.swift in Sources */,
				E4E1400FC0E8CB38CA3264B0 /* HealthKitService.swift in Sources */,
				547BF0FD02294851C0F59A05 /* BlockingService.swift in Sources */,
				AC143D9F03517CE4FA03C22D /* DeviceActivityService.swift in Sources */,
				0A5CB93F2B77C8BE66376BD5 /* WakeUpDetector.swift in Sources */,
				87765DA089465D5CE3224CD0 /* StepMonitor.swift in Sources */,
				BA902939C744D89EDE6DCA11 /* HomeViewModel.swift in Sources */,
				D0227F25B41C65B4F3D6046B /* RuleBuilderViewModel.swift in Sources */,
				67ED55F6C21FF9D1A6504BFF /* UnlockViewModel.swift in Sources */,
				D694D7C2509E890E069E2A56 /* WakeUpViewModel.swift in Sources */,
			);
			runOnlyForDeploymentPostprocessing = 0;
		};
		D52906D92FE67D9F0005F066 /* Sources */ = {
			isa = PBXSourcesBuildPhase;
			buildActionMask = 2147483647;
			files = (
			);
			runOnlyForDeploymentPostprocessing = 0;
		};
		D52906E32FE67D9F0005F066 /* Sources */ = {
			isa = PBXSourcesBuildPhase;
			buildActionMask = 2147483647;
			files = (
			);
			runOnlyForDeploymentPostprocessing = 0;
		};
		D52906FD2FE6808D0005F066 /* Sources */ = {
			isa = PBXSourcesBuildPhase;
			buildActionMask = 2147483647;
			files = (
			);
			runOnlyForDeploymentPostprocessing = 0;
		};
		D52907122FE680B40005F066 /* Sources */ = {
			isa = PBXSourcesBuildPhase;
			buildActionMask = 2147483647;
			files = (
			);
			runOnlyForDeploymentPostprocessing = 0;
		};
		D52908232FE6C1350005F066 /* Sources */ = {
			isa = PBXSourcesBuildPhase;
			buildActionMask = 2147483647;
			files = (
			);
			runOnlyForDeploymentPostprocessing = 0;
		};
/* End PBXSourcesBuildPhase section */

/* Begin PBXTargetDependency section */
		D52906DF2FE67D9F0005F066 /* PBXTargetDependency */ = {
			isa = PBXTargetDependency;
			target = D52906CC2FE67D9D0005F066 /* FrictionGate */;
			targetProxy = D52906DE2FE67D9F0005F066 /* PBXContainerItemProxy */;
		};
		D52906E92FE67D9F0005F066 /* PBXTargetDependency */ = {
			isa = PBXTargetDependency;
			target = D52906CC2FE67D9D0005F066 /* FrictionGate */;
			targetProxy = D52906E82FE67D9F0005F066 /* PBXContainerItemProxy */;
		};
		D529070B2FE6808D0005F066 /* PBXTargetDependency */ = {
			isa = PBXTargetDependency;
			target = D52907002FE6808D0005F066 /* FrictionGateMonitor */;
			targetProxy = D529070A2FE6808D0005F066 /* PBXContainerItemProxy */;
		};
		D529071F2FE680B40005F066 /* PBXTargetDependency */ = {
			isa = PBXTargetDependency;
			target = D52907152FE680B40005F066 /* FrictionGateShield */;
			targetProxy = D529071E2FE680B40005F066 /* PBXContainerItemProxy */;
		};
		D52908312FE6C1350005F066 /* PBXTargetDependency */ = {
			isa = PBXTargetDependency;
			target = D52908262FE6C1350005F066 /* FrictionGateShieldConfig */;
			targetProxy = D52908302FE6C1350005F066 /* PBXContainerItemProxy */;
		};
/* End PBXTargetDependency section */

/* Begin XCBuildConfiguration section */
		D52906EF2FE67D9F0005F066 /* Debug */ = {
			isa = XCBuildConfiguration;
			buildSettings = {
				ALWAYS_SEARCH_USER_PATHS = NO;
				ASSETCATALOG_COMPILER_GENERATE_SWIFT_ASSET_SYMBOL_EXTENSIONS = YES;
				CLANG_ANALYZER_NONNULL = YES;
				CLANG_ANALYZER_NUMBER_OBJECT_CONVERSION = YES_AGGRESSIVE;
				CLANG_CXX_LANGUAGE_STANDARD = "gnu++20";
				CLANG_ENABLE_MODULES = YES;
				CLANG_ENABLE_OBJC_ARC = YES;
				CLANG_ENABLE_OBJC_WEAK = YES;
				CLANG_WARN_BLOCK_CAPTURE_AUTORELEASING = YES;
				CLANG_WARN_BOOL_CONVERSION = YES;
				CLANG_WARN_COMMA = YES;
				CLANG_WARN_CONSTANT_CONVERSION = YES;
				CLANG_WARN_DEPRECATED_OBJC_IMPLEMENTATIONS = YES;
				CLANG_WARN_DIRECT_OBJC_ISA_USAGE = YES_ERROR;
				CLANG_WARN_DOCUMENTATION_COMMENTS = YES;
				CLANG_WARN_EMPTY_BODY = YES;
				CLANG_WARN_ENUM_CONVERSION = YES;
				CLANG_WARN_INFINITE_RECURSION = YES;
				CLANG_WARN_INT_CONVERSION = YES;
				CLANG_WARN_NON_LITERAL_NULL_CONVERSION = YES;
				CLANG_WARN_OBJC_IMPLICIT_RETAIN_SELF = YES;
				CLANG_WARN_OBJC_LITERAL_CONVERSION = YES;
				CLANG_WARN_OBJC_ROOT_CLASS = YES_ERROR;
				CLANG_WARN_QUOTED_INCLUDE_IN_FRAMEWORK_HEADER = YES;
				CLANG_WARN_RANGE_LOOP_ANALYSIS = YES;
				CLANG_WARN_STRICT_PROTOTYPES = YES;
				CLANG_WARN_SUSPICIOUS_MOVE = YES;
				CLANG_WARN_UNGUARDED_AVAILABILITY = YES_AGGRESSIVE;
				CLANG_WARN_UNREACHABLE_CODE = YES;
				CLANG_WARN__DUPLICATE_METHOD_MATCH = YES;
				COPY_PHASE_STRIP = NO;
				DEBUG_INFORMATION_FORMAT = dwarf;
				ENABLE_STRICT_OBJC_MSGSEND = YES;
				ENABLE_TESTABILITY = YES;
				ENABLE_USER_SCRIPT_SANDBOXING = YES;
				GCC_C_LANGUAGE_STANDARD = gnu17;
				GCC_DYNAMIC_NO_PIC = NO;
				GCC_NO_COMMON_BLOCKS = YES;
				GCC_OPTIMIZATION_LEVEL = 0;
				GCC_PREPROCESSOR_DEFINITIONS = (
					"DEBUG=1",
					"$(inherited)",
				);
				GCC_WARN_64_TO_32_BIT_CONVERSION = YES;
				GCC_WARN_ABOUT_RETURN_TYPE = YES_ERROR;
				GCC_WARN_UNDECLARED_SELECTOR = YES;
				GCC_WARN_UNINITIALIZED_AUTOS = YES_AGGRESSIVE;
				GCC_WARN_UNUSED_FUNCTION = YES;
				GCC_WARN_UNUSED_VARIABLE = YES;
				IPHONEOS_DEPLOYMENT_TARGET = 18.2;
				LOCALIZATION_PREFERS_STRING_CATALOGS = YES;
				MTL_ENABLE_DEBUG_INFO = INCLUDE_SOURCE;
				MTL_FAST_MATH = YES;
				ONLY_ACTIVE_ARCH = YES;
				SDKROOT = iphoneos;
				SWIFT_ACTIVE_COMPILATION_CONDITIONS = "DEBUG $(inherited)";
				SWIFT_OPTIMIZATION_LEVEL = "-Onone";
			};
			name = Debug;
		};
		D52906F02FE67D9F0005F066 /* Release */ = {
			isa = XCBuildConfiguration;
			buildSettings = {
				ALWAYS_SEARCH_USER_PATHS = NO;
				ASSETCATALOG_COMPILER_GENERATE_SWIFT_ASSET_SYMBOL_EXTENSIONS = YES;
				CLANG_ANALYZER_NONNULL = YES;
				CLANG_ANALYZER_NUMBER_OBJECT_CONVERSION = YES_AGGRESSIVE;
				CLANG_CXX_LANGUAGE_STANDARD = "gnu++20";
				CLANG_ENABLE_MODULES = YES;
				CLANG_ENABLE_OBJC_ARC = YES;
				CLANG_ENABLE_OBJC_WEAK = YES;
				CLANG_WARN_BLOCK_CAPTURE_AUTORELEASING = YES;
				CLANG_WARN_BOOL_CONVERSION = YES;
				CLANG_WARN_COMMA = YES;
				CLANG_WARN_CONSTANT_CONVERSION = YES;
				CLANG_WARN_DEPRECATED_OBJC_IMPLEMENTATIONS = YES;
				CLANG_WARN_DIRECT_OBJC_ISA_USAGE = YES_ERROR;
				CLANG_WARN_DOCUMENTATION_COMMENTS = YES;
				CLANG_WARN_EMPTY_BODY = YES;
				CLANG_WARN_ENUM_CONVERSION = YES;
				CLANG_WARN_INFINITE_RECURSION = YES;
				CLANG_WARN_INT_CONVERSION = YES;
				CLANG_WARN_NON_LITERAL_NULL_CONVERSION = YES;
				CLANG_WARN_OBJC_IMPLICIT_RETAIN_SELF = YES;
				CLANG_WARN_OBJC_LITERAL_CONVERSION = YES;
				CLANG_WARN_OBJC_ROOT_CLASS = YES_ERROR;
				CLANG_WARN_QUOTED_INCLUDE_IN_FRAMEWORK_HEADER = YES;
				CLANG_WARN_RANGE_LOOP_ANALYSIS = YES;
				CLANG_WARN_STRICT_PROTOTYPES = YES;
				CLANG_WARN_SUSPICIOUS_MOVE = YES;
				CLANG_WARN_UNGUARDED_AVAILABILITY = YES_AGGRESSIVE;
				CLANG_WARN_UNREACHABLE_CODE = YES;
				CLANG_WARN__DUPLICATE_METHOD_MATCH = YES;
				COPY_PHASE_STRIP = NO;
				DEBUG_INFORMATION_FORMAT = "dwarf-with-dsym";
				ENABLE_NS_ASSERTIONS = NO;
				ENABLE_STRICT_OBJC_MSGSEND = YES;
				ENABLE_USER_SCRIPT_SANDBOXING = YES;
				GCC_C_LANGUAGE_STANDARD = gnu17;
				GCC_NO_COMMON_BLOCKS = YES;
				GCC_WARN_64_TO_32_BIT_CONVERSION = YES;
				GCC_WARN_ABOUT_RETURN_TYPE = YES_ERROR;
				GCC_WARN_UNDECLARED_SELECTOR = YES;
				GCC_WARN_UNINITIALIZED_AUTOS = YES_AGGRESSIVE;
				GCC_WARN_UNUSED_FUNCTION = YES;
				GCC_WARN_UNUSED_VARIABLE = YES;
				IPHONEOS_DEPLOYMENT_TARGET = 18.2;
				LOCALIZATION_PREFERS_STRING_CATALOGS = YES;
				MTL_ENABLE_DEBUG_INFO = NO;
				MTL_FAST_MATH = YES;
				SDKROOT = iphoneos;
				SWIFT_COMPILATION_MODE = wholemodule;
				VALIDATE_PRODUCT = YES;
			};
			name = Release;
		};
		D52906F22FE67D9F0005F066 /* Debug */ = {
			isa = XCBuildConfiguration;
			buildSettings = {
				ASSETCATALOG_COMPILER_APPICON_NAME = AppIcon;
				ASSETCATALOG_COMPILER_GLOBAL_ACCENT_COLOR_NAME = AccentColor;
				CODE_SIGN_ENTITLEMENTS = FrictionGate/FrictionGate.entitlements;
				CODE_SIGN_STYLE = Automatic;
				CURRENT_PROJECT_VERSION = 1;
				DEVELOPMENT_ASSET_PATHS = "\"FrictionGate/Preview Content\"";
				DEVELOPMENT_TEAM = 5LV8BN8Q4Q;
				ENABLE_PREVIEWS = YES;
				GENERATE_INFOPLIST_FILE = YES;
				INFOPLIST_FILE = FrictionGate/Info.plist;
				INFOPLIST_KEY_CFBundleDisplayName = Friction;
				INFOPLIST_KEY_UIApplicationSceneManifest_Generation = YES;
				INFOPLIST_KEY_UIApplicationSupportsIndirectInputEvents = YES;
				INFOPLIST_KEY_UILaunchScreen_Generation = YES;
				INFOPLIST_KEY_UISupportedInterfaceOrientations_iPad = "UIInterfaceOrientationPortrait UIInterfaceOrientationPortraitUpsideDown UIInterfaceOrientationLandscapeLeft UIInterfaceOrientationLandscapeRight";
				INFOPLIST_KEY_UISupportedInterfaceOrientations_iPhone = "UIInterfaceOrientationPortrait UIInterfaceOrientationLandscapeLeft UIInterfaceOrientationLandscapeRight";
				IPHONEOS_DEPLOYMENT_TARGET = 16.0;
				LD_RUNPATH_SEARCH_PATHS = (
					"$(inherited)",
					"@executable_path/Frameworks",
				);
				MARKETING_VERSION = 1.0;
				PRODUCT_BUNDLE_IDENTIFIER = com.debrajpal.frictiongate;
				PRODUCT_NAME = "$(TARGET_NAME)";
				SWIFT_EMIT_LOC_STRINGS = YES;
				SWIFT_VERSION = 5.0;
				TARGETED_DEVICE_FAMILY = "1,2";
			};
			name = Debug;
		};
		D52906F32FE67D9F0005F066 /* Release */ = {
			isa = XCBuildConfiguration;
			buildSettings = {
				ASSETCATALOG_COMPILER_APPICON_NAME = AppIcon;
				ASSETCATALOG_COMPILER_GLOBAL_ACCENT_COLOR_NAME = AccentColor;
				CODE_SIGN_ENTITLEMENTS = FrictionGate/FrictionGate.entitlements;
				CODE_SIGN_STYLE = Automatic;
				CURRENT_PROJECT_VERSION = 1;
				DEVELOPMENT_ASSET_PATHS = "\"FrictionGate/Preview Content\"";
				DEVELOPMENT_TEAM = 5LV8BN8Q4Q;
				ENABLE_PREVIEWS = YES;
				GENERATE_INFOPLIST_FILE = YES;
				INFOPLIST_FILE = FrictionGate/Info.plist;
				INFOPLIST_KEY_CFBundleDisplayName = Friction;
				INFOPLIST_KEY_UIApplicationSceneManifest_Generation = YES;
				INFOPLIST_KEY_UIApplicationSupportsIndirectInputEvents = YES;
				INFOPLIST_KEY_UILaunchScreen_Generation = YES;
				INFOPLIST_KEY_UISupportedInterfaceOrientations_iPad = "UIInterfaceOrientationPortrait UIInterfaceOrientationPortraitUpsideDown UIInterfaceOrientationLandscapeLeft UIInterfaceOrientationLandscapeRight";
				INFOPLIST_KEY_UISupportedInterfaceOrientations_iPhone = "UIInterfaceOrientationPortrait UIInterfaceOrientationLandscapeLeft UIInterfaceOrientationLandscapeRight";
				IPHONEOS_DEPLOYMENT_TARGET = 16.0;
				LD_RUNPATH_SEARCH_PATHS = (
					"$(inherited)",
					"@executable_path/Frameworks",
				);
				MARKETING_VERSION = 1.0;
				PRODUCT_BUNDLE_IDENTIFIER = com.debrajpal.frictiongate;
				PRODUCT_NAME = "$(TARGET_NAME)";
				SWIFT_EMIT_LOC_STRINGS = YES;
				SWIFT_VERSION = 5.0;
				TARGETED_DEVICE_FAMILY = "1,2";
			};
			name = Release;
		};
		D52906F52FE67D9F0005F066 /* Debug */ = {
			isa = XCBuildConfiguration;
			buildSettings = {
				BUNDLE_LOADER = "$(TEST_HOST)";
				CODE_SIGN_STYLE = Automatic;
				CURRENT_PROJECT_VERSION = 1;
				DEVELOPMENT_TEAM = 5LV8BN8Q4Q;
				GENERATE_INFOPLIST_FILE = YES;
				IPHONEOS_DEPLOYMENT_TARGET = 18.2;
				MARKETING_VERSION = 1.0;
				PRODUCT_BUNDLE_IDENTIFIER = com.debrajpal.FrictionGateTests;
				PRODUCT_NAME = "$(TARGET_NAME)";
				SWIFT_EMIT_LOC_STRINGS = NO;
				SWIFT_VERSION = 5.0;
				TARGETED_DEVICE_FAMILY = "1,2";
				TEST_HOST = "$(BUILT_PRODUCTS_DIR)/FrictionGate.app/$(BUNDLE_EXECUTABLE_FOLDER_PATH)/FrictionGate";
			};
			name = Debug;
		};
		D52906F62FE67D9F0005F066 /* Release */ = {
			isa = XCBuildConfiguration;
			buildSettings = {
				BUNDLE_LOADER = "$(TEST_HOST)";
				CODE_SIGN_STYLE = Automatic;
				CURRENT_PROJECT_VERSION = 1;
				DEVELOPMENT_TEAM = 5LV8BN8Q4Q;
				GENERATE_INFOPLIST_FILE = YES;
				IPHONEOS_DEPLOYMENT_TARGET = 18.2;
				MARKETING_VERSION = 1.0;
				PRODUCT_BUNDLE_IDENTIFIER = com.debrajpal.FrictionGateTests;
				PRODUCT_NAME = "$(TARGET_NAME)";
				SWIFT_EMIT_LOC_STRINGS = NO;
				SWIFT_VERSION = 5.0;
				TARGETED_DEVICE_FAMILY = "1,2";
				TEST_HOST = "$(BUILT_PRODUCTS_DIR)/FrictionGate.app/$(BUNDLE_EXECUTABLE_FOLDER_PATH)/FrictionGate";
			};
			name = Release;
		};
		D52906F82FE67D9F0005F066 /* Debug */ = {
			isa = XCBuildConfiguration;
			buildSettings = {
				CODE_SIGN_STYLE = Automatic;
				CURRENT_PROJECT_VERSION = 1;
				DEVELOPMENT_TEAM = 5LV8BN8Q4Q;
				GENERATE_INFOPLIST_FILE = YES;
				MARKETING_VERSION = 1.0;
				PRODUCT_BUNDLE_IDENTIFIER = com.debrajpal.FrictionGateUITests;
				PRODUCT_NAME = "$(TARGET_NAME)";
				SWIFT_EMIT_LOC_STRINGS = NO;
				SWIFT_VERSION = 5.0;
				TARGETED_DEVICE_FAMILY = "1,2";
				TEST_TARGET_NAME = FrictionGate;
			};
			name = Debug;
		};
		D52906F92FE67D9F0005F066 /* Release */ = {
			isa = XCBuildConfiguration;
			buildSettings = {
				CODE_SIGN_STYLE = Automatic;
				CURRENT_PROJECT_VERSION = 1;
				DEVELOPMENT_TEAM = 5LV8BN8Q4Q;
				GENERATE_INFOPLIST_FILE = YES;
				MARKETING_VERSION = 1.0;
				PRODUCT_BUNDLE_IDENTIFIER = com.debrajpal.FrictionGateUITests;
				PRODUCT_NAME = "$(TARGET_NAME)";
				SWIFT_EMIT_LOC_STRINGS = NO;
				SWIFT_VERSION = 5.0;
				TARGETED_DEVICE_FAMILY = "1,2";
				TEST_TARGET_NAME = FrictionGate;
			};
			name = Release;
		};
		D529070E2FE6808D0005F066 /* Debug */ = {
			isa = XCBuildConfiguration;
			buildSettings = {
				CODE_SIGN_ENTITLEMENTS = FrictionGateMonitor/FrictionGateMonitor.entitlements;
				CODE_SIGN_STYLE = Automatic;
				CURRENT_PROJECT_VERSION = 1;
				DEVELOPMENT_TEAM = 5LV8BN8Q4Q;
				GENERATE_INFOPLIST_FILE = YES;
				INFOPLIST_FILE = FrictionGateMonitor/Info.plist;
				INFOPLIST_KEY_CFBundleDisplayName = FrictionGateMonitor;
				INFOPLIST_KEY_NSHumanReadableCopyright = "";
				IPHONEOS_DEPLOYMENT_TARGET = 16.0;
				LD_RUNPATH_SEARCH_PATHS = (
					"$(inherited)",
					"@executable_path/Frameworks",
					"@executable_path/../../Frameworks",
				);
				MARKETING_VERSION = 1.0;
				PRODUCT_BUNDLE_IDENTIFIER = com.debrajpal.frictiongate.FrictionGateMonitor;
				PRODUCT_NAME = "$(TARGET_NAME)";
				SKIP_INSTALL = YES;
				SWIFT_EMIT_LOC_STRINGS = YES;
				SWIFT_VERSION = 5.0;
				TARGETED_DEVICE_FAMILY = "1,2";
			};
			name = Debug;
		};
		D529070F2FE6808D0005F066 /* Release */ = {
			isa = XCBuildConfiguration;
			buildSettings = {
				CODE_SIGN_ENTITLEMENTS = FrictionGateMonitor/FrictionGateMonitor.entitlements;
				CODE_SIGN_STYLE = Automatic;
				CURRENT_PROJECT_VERSION = 1;
				DEVELOPMENT_TEAM = 5LV8BN8Q4Q;
				GENERATE_INFOPLIST_FILE = YES;
				INFOPLIST_FILE = FrictionGateMonitor/Info.plist;
				INFOPLIST_KEY_CFBundleDisplayName = FrictionGateMonitor;
				INFOPLIST_KEY_NSHumanReadableCopyright = "";
				IPHONEOS_DEPLOYMENT_TARGET = 16.0;
				LD_RUNPATH_SEARCH_PATHS = (
					"$(inherited)",
					"@executable_path/Frameworks",
					"@executable_path/../../Frameworks",
				);
				MARKETING_VERSION = 1.0;
				PRODUCT_BUNDLE_IDENTIFIER = com.debrajpal.frictiongate.FrictionGateMonitor;
				PRODUCT_NAME = "$(TARGET_NAME)";
				SKIP_INSTALL = YES;
				SWIFT_EMIT_LOC_STRINGS = YES;
				SWIFT_VERSION = 5.0;
				TARGETED_DEVICE_FAMILY = "1,2";
			};
			name = Release;
		};
		D52907222FE680B40005F066 /* Debug */ = {
			isa = XCBuildConfiguration;
			buildSettings = {
				CODE_SIGN_ENTITLEMENTS = FrictionGateShield/FrictionGateShield.entitlements;
				CODE_SIGN_STYLE = Automatic;
				CURRENT_PROJECT_VERSION = 1;
				DEVELOPMENT_TEAM = 5LV8BN8Q4Q;
				GENERATE_INFOPLIST_FILE = YES;
				INFOPLIST_FILE = FrictionGateShield/Info.plist;
				INFOPLIST_KEY_CFBundleDisplayName = FrictionGateShield;
				INFOPLIST_KEY_NSHumanReadableCopyright = "";
				IPHONEOS_DEPLOYMENT_TARGET = 16.0;
				LD_RUNPATH_SEARCH_PATHS = (
					"$(inherited)",
					"@executable_path/Frameworks",
					"@executable_path/../../Frameworks",
				);
				MARKETING_VERSION = 1.0;
				PRODUCT_BUNDLE_IDENTIFIER = com.debrajpal.frictiongate.FrictionGateShield;
				PRODUCT_NAME = "$(TARGET_NAME)";
				SKIP_INSTALL = YES;
				SWIFT_EMIT_LOC_STRINGS = YES;
				SWIFT_VERSION = 5.0;
				TARGETED_DEVICE_FAMILY = "1,2";
			};
			name = Debug;
		};
		D52907232FE680B40005F066 /* Release */ = {
			isa = XCBuildConfiguration;
			buildSettings = {
				CODE_SIGN_ENTITLEMENTS = FrictionGateShield/FrictionGateShield.entitlements;
				CODE_SIGN_STYLE = Automatic;
				CURRENT_PROJECT_VERSION = 1;
				DEVELOPMENT_TEAM = 5LV8BN8Q4Q;
				GENERATE_INFOPLIST_FILE = YES;
				INFOPLIST_FILE = FrictionGateShield/Info.plist;
				INFOPLIST_KEY_CFBundleDisplayName = FrictionGateShield;
				INFOPLIST_KEY_NSHumanReadableCopyright = "";
				IPHONEOS_DEPLOYMENT_TARGET = 16.0;
				LD_RUNPATH_SEARCH_PATHS = (
					"$(inherited)",
					"@executable_path/Frameworks",
					"@executable_path/../../Frameworks",
				);
				MARKETING_VERSION = 1.0;
				PRODUCT_BUNDLE_IDENTIFIER = com.debrajpal.frictiongate.FrictionGateShield;
				PRODUCT_NAME = "$(TARGET_NAME)";
				SKIP_INSTALL = YES;
				SWIFT_EMIT_LOC_STRINGS = YES;
				SWIFT_VERSION = 5.0;
				TARGETED_DEVICE_FAMILY = "1,2";
			};
			name = Release;
		};
		D52908342FE6C1350005F066 /* Debug */ = {
			isa = XCBuildConfiguration;
			buildSettings = {
				CODE_SIGN_ENTITLEMENTS = FrictionGateShieldConfig/FrictionGateShieldConfig.entitlements;
				CODE_SIGN_STYLE = Automatic;
				CURRENT_PROJECT_VERSION = 1;
				DEVELOPMENT_TEAM = 5LV8BN8Q4Q;
				GENERATE_INFOPLIST_FILE = YES;
				INFOPLIST_FILE = FrictionGateShieldConfig/Info.plist;
				INFOPLIST_KEY_CFBundleDisplayName = FrictionGateShieldConfig;
				INFOPLIST_KEY_NSHumanReadableCopyright = "";
				LD_RUNPATH_SEARCH_PATHS = (
					"$(inherited)",
					"@executable_path/Frameworks",
					"@executable_path/../../Frameworks",
				);
				MARKETING_VERSION = 1.0;
				PRODUCT_BUNDLE_IDENTIFIER = com.debrajpal.frictiongate.FrictionGateShieldConfig;
				PRODUCT_NAME = "$(TARGET_NAME)";
				SKIP_INSTALL = YES;
				SWIFT_EMIT_LOC_STRINGS = YES;
				SWIFT_VERSION = 5.0;
				TARGETED_DEVICE_FAMILY = "1,2";
			};
			name = Debug;
		};
		D52908352FE6C1350005F066 /* Release */ = {
			isa = XCBuildConfiguration;
			buildSettings = {
				CODE_SIGN_ENTITLEMENTS = FrictionGateShieldConfig/FrictionGateShieldConfig.entitlements;
				CODE_SIGN_STYLE = Automatic;
				CURRENT_PROJECT_VERSION = 1;
				DEVELOPMENT_TEAM = 5LV8BN8Q4Q;
				GENERATE_INFOPLIST_FILE = YES;
				INFOPLIST_FILE = FrictionGateShieldConfig/Info.plist;
				INFOPLIST_KEY_CFBundleDisplayName = FrictionGateShieldConfig;
				INFOPLIST_KEY_NSHumanReadableCopyright = "";
				LD_RUNPATH_SEARCH_PATHS = (
					"$(inherited)",
					"@executable_path/Frameworks",
					"@executable_path/../../Frameworks",
				);
				MARKETING_VERSION = 1.0;
				PRODUCT_BUNDLE_IDENTIFIER = com.debrajpal.frictiongate.FrictionGateShieldConfig;
				PRODUCT_NAME = "$(TARGET_NAME)";
				SKIP_INSTALL = YES;
				SWIFT_EMIT_LOC_STRINGS = YES;
				SWIFT_VERSION = 5.0;
				TARGETED_DEVICE_FAMILY = "1,2";
			};
			name = Release;
		};
/* End XCBuildConfiguration section */

/* Begin XCConfigurationList section */
		D52906C82FE67D9D0005F066 /* Build configuration list for PBXProject "FrictionGate" */ = {
			isa = XCConfigurationList;
			buildConfigurations = (
				D52906EF2FE67D9F0005F066 /* Debug */,
				D52906F02FE67D9F0005F066 /* Release */,
			);
			defaultConfigurationIsVisible = 0;
			defaultConfigurationName = Release;
		};
		D52906F12FE67D9F0005F066 /* Build configuration list for PBXNativeTarget "FrictionGate" */ = {
			isa = XCConfigurationList;
			buildConfigurations = (
				D52906F22FE67D9F0005F066 /* Debug */,
				D52906F32FE67D9F0005F066 /* Release */,
			);
			defaultConfigurationIsVisible = 0;
			defaultConfigurationName = Release;
		};
		D52906F42FE67D9F0005F066 /* Build configuration list for PBXNativeTarget "FrictionGateTests" */ = {
			isa = XCConfigurationList;
			buildConfigurations = (
				D52906F52FE67D9F0005F066 /* Debug */,
				D52906F62FE67D9F0005F066 /* Release */,
			);
			defaultConfigurationIsVisible = 0;
			defaultConfigurationName = Release;
		};
		D52906F72FE67D9F0005F066 /* Build configuration list for PBXNativeTarget "FrictionGateUITests" */ = {
			isa = XCConfigurationList;
			buildConfigurations = (
				D52906F82FE67D9F0005F066 /* Debug */,
				D52906F92FE67D9F0005F066 /* Release */,
			);
			defaultConfigurationIsVisible = 0;
			defaultConfigurationName = Release;
		};
		D529070D2FE6808D0005F066 /* Build configuration list for PBXNativeTarget "FrictionGateMonitor" */ = {
			isa = XCConfigurationList;
			buildConfigurations = (
				D529070E2FE6808D0005F066 /* Debug */,
				D529070F2FE6808D0005F066 /* Release */,
			);
			defaultConfigurationIsVisible = 0;
			defaultConfigurationName = Release;
		};
		D52907212FE680B40005F066 /* Build configuration list for PBXNativeTarget "FrictionGateShield" */ = {
			isa = XCConfigurationList;
			buildConfigurations = (
				D52907222FE680B40005F066 /* Debug */,
				D52907232FE680B40005F066 /* Release */,
			);
			defaultConfigurationIsVisible = 0;
			defaultConfigurationName = Release;
		};
		D52908332FE6C1350005F066 /* Build configuration list for PBXNativeTarget "FrictionGateShieldConfig" */ = {
			isa = XCConfigurationList;
			buildConfigurations = (
				D52908342FE6C1350005F066 /* Debug */,
				D52908352FE6C1350005F066 /* Release */,
			);
			defaultConfigurationIsVisible = 0;
			defaultConfigurationName = Release;
		};
/* End XCConfigurationList section */
	};
	rootObject = D52906C52FE67D9D0005F066 /* Project object */;
}
